// !$*UTF8*$!
{
	archiveVersion = 1;
	classes = {
	};
	objectVersion = 51;
	objects = {

/* Begin PBXBuildFile section */
		284B069C24859EA0004B8071 /* AppDelegate.swift in Sources */ = {isa = PBXBuildFile; fileRef = 284B069B24859EA0004B8071 /* AppDelegate.swift */; };
		284B069E24859EA0004B8071 /* SceneDelegate.swift in Sources */ = {isa = PBXBuildFile; fileRef = 284B069D24859EA0004B8071 /* SceneDelegate.swift */; };
		284B06A024859EA0004B8071 /* ViewController.swift in Sources */ = {isa = PBXBuildFile; fileRef = 284B069F24859EA0004B8071 /* ViewController.swift */; };
		284B06A324859EA0004B8071 /* Main.storyboard in Resources */ = {isa = PBXBuildFile; fileRef = 284B06A124859EA0004B8071 /* Main.storyboard */; };
		284B06A524859EA2004B8071 /* Assets.xcassets in Resources */ = {isa = PBXBuildFile; fileRef = 284B06A424859EA2004B8071 /* Assets.xcassets */; };
		284B06A824859EA2004B8071 /* LaunchScreen.storyboard in Resources */ = {isa = PBXBuildFile; fileRef = 284B06A624859EA2004B8071 /* LaunchScreen.storyboard */; };
		284B06B12485B872004B8071 /* DonateVC.swift in Sources */ = {isa = PBXBuildFile; fileRef = 284B06B02485B872004B8071 /* DonateVC.swift */; };
		F3672745597883ED8C29E58A /* Pods_AppGain.framework in Frameworks */ = {isa = PBXBuildFile; fileRef = 7C4F20471068A0793A0DD887 /* Pods_AppGain.framework */; };
/* End PBXBuildFile section */

/* Begin PBXFileReference section */
		284B069824859EA0004B8071 /* AppGain.app */ = {isa = PBXFileReference; explicitFileType = wrapper.application; includeInIndex = 0; path = AppGain.app; sourceTree = BUILT_PRODUCTS_DIR; };
		284B069B24859EA0004B8071 /* AppDelegate.swift */ = {isa = PBXFileReference; lastKnownFileType = sourcecode.swift; path = AppDelegate.swift; sourceTree = "<group>"; };
		284B069D24859EA0004B8071 /* SceneDelegate.swift */ = {isa = PBXFileReference; lastKnownFileType = sourcecode.swift; path = SceneDelegate.swift; sourceTree = "<group>"; };
		284B069F24859EA0004B8071 /* ViewController.swift */ = {isa = PBXFileReference; lastKnownFileType = sourcecode.swift; path = ViewController.swift; sourceTree = "<group>"; };
		284B06A224859EA0004B8071 /* Base */ = {isa = PBXFileReference; lastKnownFileType = file.storyboard; name = Base; path = Base.lproj/Main.storyboard; sourceTree = "<group>"; };
		284B06A424859EA2004B8071 /* Assets.xcassets */ = {isa = PBXFileReference; lastKnownFileType = folder.assetcatalog; path = Assets.xcassets; sourceTree = "<group>"; };
		284B06A724859EA2004B8071 /* Base */ = {isa = PBXFileReference; lastKnownFileType = file.storyboard; name = Base; path = Base.lproj/LaunchScreen.storyboard; sourceTree = "<group>"; };
		284B06A924859EA2004B8071 /* Info.plist */ = {isa = PBXFileReference; lastKnownFileType = text.plist.xml; path = Info.plist; sourceTree = "<group>"; };
		284B06B02485B872004B8071 /* DonateVC.swift */ = {isa = PBXFileReference; lastKnownFileType = sourcecode.swift; path = DonateVC.swift; sourceTree = "<group>"; };
		7C4F20471068A0793A0DD887 /* Pods_AppGain.framework */ = {isa = PBXFileReference; explicitFileType = wrapper.framework; includeInIndex = 0; path = Pods_AppGain.framework; sourceTree = BUILT_PRODUCTS_DIR; };
		D6B80CEEA40F45BAC106D8B3 /* Pods-AppGain.debug.xcconfig */ = {isa = PBXFileReference; includeInIndex = 1; lastKnownFileType = text.xcconfig; name = "Pods-AppGain.debug.xcconfig"; path = "Target Support Files/Pods-AppGain/Pods-AppGain.debug.xcconfig"; sourceTree = "<group>"; };
		FAE8AF91F6FDA874966C096B /* Pods-AppGain.release.xcconfig */ = {isa = PBXFileReference; includeInIndex = 1; lastKnownFileType = text.xcconfig; name = "Pods-AppGain.release.xcconfig"; path = "Target Support Files/Pods-AppGain/Pods-AppGain.release.xcconfig"; sourceTree = "<group>"; };
/* End PBXFileReference section */

/* Begin PBXFrameworksBuildPhase section */
		284B069524859EA0004B8071 /* Frameworks */ = {
			isa = PBXFrameworksBuildPhase;
			buildActionMask = 2147483647;
			files = (
				F3672745597883ED8C29E58A /* Pods_AppGain.framework in Frameworks */,
			);
			runOnlyForDeploymentPostprocessing = 0;
		};
/* End PBXFrameworksBuildPhase section */

/* Begin PBXGroup section */
		284B068F24859EA0004B8071 = {
			isa = PBXGroup;
			children = (
				284B069A24859EA0004B8071 /* AppGain */,
				284B069924859EA0004B8071 /* Products */,
				33E908F7A8D819788E65CA4B /* Pods */,
				DB94C3AB0ACC32CA68FDFF5C /* Frameworks */,
			);
			sourceTree = "<group>";
		};
		284B069924859EA0004B8071 /* Products */ = {
			isa = PBXGroup;
			children = (
				284B069824859EA0004B8071 /* AppGain.app */,
			);
			name = Products;
			sourceTree = "<group>";
		};
		284B069A24859EA0004B8071 /* AppGain */ = {
			isa = PBXGroup;
			children = (
				284B06AF2485B85D004B8071 /* Donatne */,
				284B069B24859EA0004B8071 /* AppDelegate.swift */,
				284B069D24859EA0004B8071 /* SceneDelegate.swift */,
				284B069F24859EA0004B8071 /* ViewController.swift */,
				284B06A124859EA0004B8071 /* Main.storyboard */,
				284B06A424859EA2004B8071 /* Assets.xcassets */,
				284B06A624859EA2004B8071 /* LaunchScreen.storyboard */,
				284B06A924859EA2004B8071 /* Info.plist */,
			);
			path = AppGain;
			sourceTree = "<group>";
		};
		284B06AF2485B85D004B8071 /* Donatne */ = {
			isa = PBXGroup;
			children = (
				284B06B02485B872004B8071 /* DonateVC.swift */,
			);
			path = Donatne;
			sourceTree = "<group>";
		};
		33E908F7A8D819788E65CA4B /* Pods */ = {
			isa = PBXGroup;
			children = (
				D6B80CEEA40F45BAC106D8B3 /* Pods-AppGain.debug.xcconfig */,
				FAE8AF91F6FDA874966C096B /* Pods-AppGain.release.xcconfig */,
			);
			path = Pods;
			sourceTree = "<group>";
		};
		DB94C3AB0ACC32CA68FDFF5C /* Frameworks */ = {
			isa = PBXGroup;
			children = (
				7C4F20471068A0793A0DD887 /* Pods_AppGain.framework */,
			);
			name = Frameworks;
			sourceTree = "<group>";
		};
/* End PBXGroup section */

/* Begin PBXNativeTarget section */
		284B069724859EA0004B8071 /* AppGain */ = {
			isa = PBXNativeTarget;
			buildConfigurationList = 284B06AC24859EA2004B8071 /* Build configuration list for PBXNativeTarget "AppGain" */;
			buildPhases = (
				488F069CDF2672ACA14F056F /* [CP] Check Pods Manifest.lock */,
				284B069424859EA0004B8071 /* Sources */,
				284B069524859EA0004B8071 /* Frameworks */,
				284B069624859EA0004B8071 /* Resources */,
				AAD7B2177B34E8AA2CCDC735 /* [CP] Embed Pods Frameworks */,
			);
			buildRules = (
			);
			dependencies = (
			);
			name = AppGain;
			productName = AppGain;
			productReference = 284B069824859EA0004B8071 /* AppGain.app */;
			productType = "com.apple.product-type.application";
		};
/* End PBXNativeTarget section */

/* Begin PBXProject section */
		284B069024859EA0004B8071 /* Project object */ = {
			isa = PBXProject;
			attributes = {
				LastSwiftUpdateCheck = 1140;
				LastUpgradeCheck = 1140;
				ORGANIZATIONNAME = GoClean;
				TargetAttributes = {
					284B069724859EA0004B8071 = {
						CreatedOnToolsVersion = 11.4.1;
					};
				};
			};
			buildConfigurationList = 284B069324859EA0004B8071 /* Build configuration list for PBXProject "AppGain" */;
			compatibilityVersion = "Xcode 9.3";
			developmentRegion = en;
			hasScannedForEncodings = 0;
			knownRegions = (
				en,
				Base,
			);
			mainGroup = 284B068F24859EA0004B8071;
			productRefGroup = 284B069924859EA0004B8071 /* Products */;
			projectDirPath = "";
			projectRoot = "";
			targets = (
				284B069724859EA0004B8071 /* AppGain */,
			);
		};
/* End PBXProject section */

/* Begin PBXResourcesBuildPhase section */
		284B069624859EA0004B8071 /* Resources */ = {
			isa = PBXResourcesBuildPhase;
			buildActionMask = 2147483647;
			files = (
				284B06A824859EA2004B8071 /* LaunchScreen.storyboard in Resources */,
				284B06A524859EA2004B8071 /* Assets.xcassets in Resources */,
				284B06A324859EA0004B8071 /* Main.storyboard in Resources */,
			);
			runOnlyForDeploymentPostprocessing = 0;
		};
/* End PBXResourcesBuildPhase section */

/* Begin PBXShellScriptBuildPhase section */
		488F069CDF2672ACA14F056F /* [CP] Check Pods Manifest.lock */ = {
			isa = PBXShellScriptBuildPhase;
			buildActionMask = 2147483647;
			files = (
			);
			inputFileListPaths = (
			);
			inputPaths = (
				"${PODS_PODFILE_DIR_PATH}/Podfile.lock",
				"${PODS_ROOT}/Manifest.lock",
			);
			name = "[CP] Check Pods Manifest.lock";
			outputFileListPaths = (
			);
			outputPaths = (
				"$(DERIVED_FILE_DIR)/Pods-AppGain-checkManifestLockResult.txt",
			);
			runOnlyForDeploymentPostprocessing = 0;
			shellPath = /bin/sh;
			shellScript = "diff \"${PODS_PODFILE_DIR_PATH}/Podfile.lock\" \"${PODS_ROOT}/Manifest.lock\" > /dev/null\nif [ $? != 0 ] ; then\n    # print error to STDERR\n    echo \"error: The sandbox is not in sync with the Podfile.lock. Run 'pod install' or update your CocoaPods installation.\" >&2\n    exit 1\nfi\n# This output is used by Xcode 'outputs' to avoid re-running this script phase.\necho \"SUCCESS\" > \"${SCRIPT_OUTPUT_FILE_0}\"\n";
			showEnvVarsInLog = 0;
		};
		AAD7B2177B34E8AA2CCDC735 /* [CP] Embed Pods Frameworks */ = {
			isa = PBXShellScriptBuildPhase;
			buildActionMask = 2147483647;
			files = (
			);
			inputFileListPaths = (
				"${PODS_ROOT}/Target Support Files/Pods-AppGain/Pods-AppGain-frameworks-${CONFIGURATION}-input-files.xcfilelist",
			);
			name = "[CP] Embed Pods Frameworks";
			outputFileListPaths = (
				"${PODS_ROOT}/Target Support Files/Pods-AppGain/Pods-AppGain-frameworks-${CONFIGURATION}-output-files.xcfilelist",
			);
			runOnlyForDeploymentPostprocessing = 0;
			shellPath = /bin/sh;
			shellScript = "\"${PODS_ROOT}/Target Support Files/Pods-AppGain/Pods-AppGain-frameworks.sh\"\n";
			showEnvVarsInLog = 0;
		};
/* End PBXShellScriptBuildPhase section */

/* Begin PBXSourcesBuildPhase section */
		284B069424859EA0004B8071 /* Sources */ = {
			isa = PBXSourcesBuildPhase;
			buildActionMask = 2147483647;
			files = (
				284B06A024859EA0004B8071 /* ViewController.swift in Sources */,
				284B06B12485B872004B8071 /* DonateVC.swift in Sources */,
				284B069C24859EA0004B8071 /* AppDelegate.swift in Sources */,
				284B069E24859EA0004B8071 /* SceneDelegate.swift in Sources */,
			);
			runOnlyForDeploymentPostprocessing = 0;
		};
/* End PBXSourcesBuildPhase section */

/* Begin PBXVariantGroup section */
		284B06A124859EA0004B8071 /* Main.storyboard */ = {
			isa = PBXVariantGroup;
			children = (
				284B06A224859EA0004B8071 /* Base */,
			);
			name = Main.storyboard;
			sourceTree = "<group>";
		};
		284B06A624859EA2004B8071 /* LaunchScreen.storyboard */ = {
			isa = PBXVariantGroup;
			children = (
				284B06A724859EA2004B8071 /* Base */,
			);
			name = LaunchScreen.storyboard;
			sourceTree = "<group>";
		};
/* End PBXVariantGroup section */

/* Begin XCBuildConfiguration section */
		284B06AA24859EA2004B8071 /* Debug */ = {
			isa = XCBuildConfiguration;
			buildSettings = {
				ALWAYS_SEARCH_USER_PATHS = NO;
				CLANG_ANALYZER_NONNULL = YES;
				CLANG_ANALYZER_NUMBER_OBJECT_CONVERSION = YES_AGGRESSIVE;
				CLANG_CXX_LANGUAGE_STANDARD = "gnu++14";
				CLANG_CXX_LIBRARY = "libc++";
				CLANG_ENABLE_MODULES = YES;
				CLANG_ENABLE_OBJC_ARC = YES;
				CLANG_ENABLE_OBJC_WEAK = YES;
				CLANG_WARN_BLOCK_CAPTURE_AUTORELEASING = YES;
				CLANG_WARN_BOOL_CONVERSION = YES;
				CLANG_WARN_COMMA = YES;
				CLANG_WARN_CONSTANT_CONVERSION = YES;
				CLANG_WARN_DEPRECATED_OBJC_IMPLEMENTATIONS = YES;
				CLANG_WARN_DIRECT_OBJC_ISA_USAGE = YES_ERROR;
				CLANG_WARN_DOCUMENTATION_COMMENTS = YES;
				CLANG_WARN_EMPTY_BODY = YES;
				CLANG_WARN_ENUM_CONVERSION = YES;
				CLANG_WARN_INFINITE_RECURSION = YES;
				CLANG_WARN_INT_CONVERSION = YES;
				CLANG_WARN_NON_LITERAL_NULL_CONVERSION = YES;
				CLANG_WARN_OBJC_IMPLICIT_RETAIN_SELF = YES;
				CLANG_WARN_OBJC_LITERAL_CONVERSION = YES;
				CLANG_WARN_OBJC_ROOT_CLASS = YES_ERROR;
				CLANG_WARN_RANGE_LOOP_ANALYSIS = YES;
				CLANG_WARN_STRICT_PROTOTYPES = YES;
				CLANG_WARN_SUSPICIOUS_MOVE = YES;
				CLANG_WARN_UNGUARDED_AVAILABILITY = YES_AGGRESSIVE;
				CLANG_WARN_UNREACHABLE_CODE = YES;
				CLANG_WARN__DUPLICATE_METHOD_MATCH = YES;
				COPY_PHASE_STRIP = NO;
				DEBUG_INFORMATION_FORMAT = dwarf;
				ENABLE_STRICT_OBJC_MSGSEND = YES;
				ENABLE_TESTABILITY = YES;
				GCC_C_LANGUAGE_STANDARD = gnu11;
				GCC_DYNAMIC_NO_PIC = NO;
				GCC_NO_COMMON_BLOCKS = YES;
				GCC_OPTIMIZATION_LEVEL = 0;
				GCC_PREPROCESSOR_DEFINITIONS = (
					"DEBUG=1",
					"$(inherited)",
				);
				GCC_WARN_64_TO_32_BIT_CONVERSION = YES;
				GCC_WARN_ABOUT_RETURN_TYPE = YES_ERROR;
				GCC_WARN_UNDECLARED_SELECTOR = YES;
				GCC_WARN_UNINITIALIZED_AUTOS = YES_AGGRESSIVE;
				GCC_WARN_UNUSED_FUNCTION = YES;
				GCC_WARN_UNUSED_VARIABLE = YES;
				IPHONEOS_DEPLOYMENT_TARGET = 13.4;
				MTL_ENABLE_DEBUG_INFO = INCLUDE_SOURCE;
				MTL_FAST_MATH = YES;
				ONLY_ACTIVE_ARCH = YES;
				SDKROOT = iphoneos;
				SWIFT_ACTIVE_COMPILATION_CONDITIONS = DEBUG;
				SWIFT_OPTIMIZATION_LEVEL = "-Onone";
			};
			name = Debug;
		};
		284B06AB24859EA2004B8071 /* Release */ = {
			isa = XCBuildConfiguration;
			buildSettings = {
				ALWAYS_SEARCH_USER_PATHS = NO;
				CLANG_ANALYZER_NONNULL = YES;
				CLANG_ANALYZER_NUMBER_OBJECT_CONVERSION = YES_AGGRESSIVE;
				CLANG_CXX_LANGUAGE_STANDARD = "gnu++14";
				CLANG_CXX_LIBRARY = "libc++";
				CLANG_ENABLE_MODULES = YES;
				CLANG_ENABLE_OBJC_ARC = YES;
				CLANG_ENABLE_OBJC_WEAK = YES;
				CLANG_WARN_BLOCK_CAPTURE_AUTORELEASING = YES;
				CLANG_WARN_BOOL_CONVERSION = YES;
				CLANG_WARN_COMMA = YES;
				CLANG_WARN_CONSTANT_CONVERSION = YES;
				CLANG_WARN_DEPRECATED_OBJC_IMPLEMENTATIONS = YES;
				CLANG_WARN_DIRECT_OBJC_ISA_USAGE = YES_ERROR;
				CLANG_WARN_DOCUMENTATION_COMMENTS = YES;
				CLANG_WARN_EMPTY_BODY = YES;
				CLANG_WARN_ENUM_CONVERSION = YES;
				CLANG_WARN_INFINITE_RECURSION = YES;
				CLANG_WARN_INT_CONVERSION = YES;
				CLANG_WARN_NON_LITERAL_NULL_CONVERSION = YES;
				CLANG_WARN_OBJC_IMPLICIT_RETAIN_SELF = YES;
				CLANG_WARN_OBJC_LITERAL_CONVERSION = YES;
				CLANG_WARN_OBJC_ROOT_CLASS = YES_ERROR;
				CLANG_WARN_RANGE_LOOP_ANALYSIS = YES;
				CLANG_WARN_STRICT_PROTOTYPES = YES;
				CLANG_WARN_SUSPICIOUS_MOVE = YES;
				CLANG_WARN_UNGUARDED_AVAILABILITY = YES_AGGRESSIVE;
				CLANG_WARN_UNREACHABLE_CODE = YES;
				CLANG_WARN__DUPLICATE_METHOD_MATCH = YES;
				COPY_PHASE_STRIP = NO;
				DEBUG_INFORMATION_FORMAT = "dwarf-with-dsym";
				ENABLE_NS_ASSERTIONS = NO;
				ENABLE_STRICT_OBJC_MSGSEND = YES;
				GCC_C_LANGUAGE_STANDARD = gnu11;
				GCC_NO_COMMON_BLOCKS = YES;
				GCC_WARN_64_TO_32_BIT_CONVERSION = YES;
				GCC_WARN_ABOUT_RETURN_TYPE = YES_ERROR;
				GCC_WARN_UNDECLARED_SELECTOR = YES;
				GCC_WARN_UNINITIALIZED_AUTOS = YES_AGGRESSIVE;
				GCC_WARN_UNUSED_FUNCTION = YES;
				GCC_WARN_UNUSED_VARIABLE = YES;
				IPHONEOS_DEPLOYMENT_TARGET = 13.4;
				MTL_ENABLE_DEBUG_INFO = NO;
				MTL_FAST_MATH = YES;
				SDKROOT = iphoneos;
				SWIFT_COMPILATION_MODE = wholemodule;
				SWIFT_OPTIMIZATION_LEVEL = "-O";
				VALIDATE_PRODUCT = YES;
			};
			name = Release;
		};
		284B06AD24859EA2004B8071 /* Debug */ = {
			isa = XCBuildConfiguration;
			baseConfigurationReference = D6B80CEEA40F45BAC106D8B3 /* Pods-AppGain.debug.xcconfig */;
			buildSettings = {
				ASSETCATALOG_COMPILER_APPICON_NAME = AppIcon;
				CODE_SIGN_STYLE = Automatic;
				DEVELOPMENT_TEAM = U87L4Z8G95;
				INFOPLIST_FILE = AppGain/Info.plist;
				LD_RUNPATH_SEARCH_PATHS = (
					"$(inherited)",
					"@executable_path/Frameworks",
				);
				PRODUCT_BUNDLE_IDENTIFIER = com.AppGain.Assingment;
				PRODUCT_NAME = "$(TARGET_NAME)";
				SWIFT_VERSION = 5.0;
				TARGETED_DEVICE_FAMILY = "1,2";
			};
			name = Debug;
		};
		284B06AE24859EA2004B8071 /* Release */ = {
			isa = XCBuildConfiguration;
			baseConfigurationReference = FAE8AF91F6FDA874966C096B /* Pods-AppGain.release.xcconfig */;
			buildSettings = {
				ASSETCATALOG_COMPILER_APPICON_NAME = AppIcon;
				CODE_SIGN_STYLE = Automatic;
				DEVELOPMENT_TEAM = U87L4Z8G95;
				INFOPLIST_FILE = AppGain/Info.plist;
				LD_RUNPATH_SEARCH_PATHS = (
					"$(inherited)",
					"@executable_path/Frameworks",
				);
				PRODUCT_BUNDLE_IDENTIFIER = com.AppGain.Assingment;
				PRODUCT_NAME = "$(TARGET_NAME)";
				SWIFT_VERSION = 5.0;
				TARGETED_DEVICE_FAMILY = "1,2";
			};
			name = Release;
		};
/* End XCBuildConfiguration section */

/* Begin XCConfigurationList section */
		284B069324859EA0004B8071 /* Build configuration list for PBXProject "AppGain" */ = {
			isa = XCConfigurationList;
			buildConfigurations = (
				284B06AA24859EA2004B8071 /* Debug */,
				284B06AB24859EA2004B8071 /* Release */,
			);
			defaultConfigurationIsVisible = 0;
			defaultConfigurationName = Release;
		};
		284B06AC24859EA2004B8071 /* Build configuration list for PBXNativeTarget "AppGain" */ = {
			isa = XCConfigurationList;
			buildConfigurations = (
				284B06AD24859EA2004B8071 /* Debug */,
				284B06AE24859EA2004B8071 /* Release */,
			);
			defaultConfigurationIsVisible = 0;
			defaultConfigurationName = Release;
		};
/* End XCConfigurationList section */
	};
	rootObject = 284B069024859EA0004B8071 /* Project object */;
}
